{
  "name": "external-dynamic-import",
  "version": "1.0.0",
  "lockfileVersion": 1,
  "requires": true,
  "dependencies": {
    "fg-loadcss": {
      "version": "2.0.1",
      "resolved": "https://registry.npmjs.org/fg-loadcss/-/fg-loadcss-2.0.1.tgz",
      "integrity": "sha512-gFtSJjMMt9it0OhXz4wJQT46/LFUrJ2Db6U/fLtwClBEMEEjmVPSWSYrbGCyFwy47Cd4ULOpR+HSWXVkUKciaQ=="
    },
    "scriptjs": {
      "version": "2.5.9",
      "resolved": "https://registry.npmjs.org/scriptjs/-/scriptjs-2.5.9.tgz",
      "integrity": "sha512-qGVDoreyYiP1pkQnbnFAUIS5AjenNwwQBdl7zeos9etl+hYKWahjRTfzAZZYBv5xNHx7vNKCmaLDQZ6Fr2AEXg=="
    }
  }
}
